PODS:
  - CocoaProxy (0.1.1)
  - Differentiator (3.1.0)
  - RxAtomic (4.4.1)
  - RxCocoa (4.4.1):
    - RxSwift (~> 4.0)
  - RxDataSources (3.1.0):
    - Differentiator (~> 3.0)
    - RxCocoa (~> 4.0)
    - RxSwift (~> 4.0)
  - RxSwift (4.4.1):
    - RxAtomic (~> 4.4)

DEPENDENCIES:
  - CocoaProxy (= 0.1.1)
  - RxCocoa (= 4.4.1)
  - RxDataSources (= 3.1.0)
  - RxSwift (= 4.4.1)

SPEC REPOS:
  https://github.com/cocoapods/specs.git:
    - CocoaProxy
    - Differentiator
    - RxAtomic
    - RxCocoa
    - RxDataSources
    - RxSwift

SPEC CHECKSUMS:
  CocoaProxy: 35ab81e24325b33834cffe45a3d1fd48ca67ef3a
  Differentiator: be49ca3408f0ecfc761e4c7763d20c62be01b9ad
  RxAtomic: f8d6adc1ccb87a767811269e4875887bc74dbf19
  RxCocoa: 2f35a76bf8887872e28a1914112395b11b8e0e64
  RxDataSources: a843bad90c29817f5923ec8163f4af2de084ceb3
  RxSwift: 92fcf68dfef21f3e2ab1965363d9e7b3d787597e

PODFILE CHECKSUM: 3295cfb97ba5c6da8b358fb66c78a1454c2bc8b6

COCOAPODS: 1.5.3
